
Microsoft Visual Studio Solution File, Format Version 12.00
# Visual Studio Version 16
VisualStudioVersion = 16.0.30621.155
MinimumVisualStudioVersion = 10.0.40219.1
Project("{FAE04EC0-301F-11D3-BF4B-00C04F79EFBC}") = "Hackathon", "Hackathon\Hackathon.csproj", "{802A0C8D-E7B1-4BF1-AC06-028836682C5B}"
EndProject
Global
	GlobalSection(SolutionConfigurationPlatforms) = preSolution
		Debug|Any CPU = Debug|Any CPU
		Release|Any CPU = Release|Any CPU
	EndGlobalSection
	GlobalSection(ProjectConfigurationPlatforms) = postSolution
		{802A0C8D-E7B1-4BF1-AC06-028836682C5B}.Debug|Any CPU.ActiveCfg = Debug|Any CPU
		{802A0C8D-E7B1-4BF1-AC06-028836682C5B}.Debug|Any CPU.Build.0 = Debug|Any CPU
		{802A0C8D-E7B1-4BF1-AC06-028836682C5B}.Release|Any CPU.ActiveCfg = Release|Any CPU
		{802A0C8D-E7B1-4BF1-AC06-028836682C5B}.Release|Any CPU.Build.0 = Release|Any CPU
	EndGlobalSection
	GlobalSection(SolutionProperties) = preSolution
		HideSolutionNode = FALSE
	EndGlobalSection
	GlobalSection(ExtensibilityGlobals) = postSolution
		SolutionGuid = {7F2D7EC6-7FA7-465E-A9E4-BB51251D01FA}
	EndGlobalSection
EndGlobal
